
Microsoft Visual Studio Solution File, Format Version 12.00
# Visual Studio 15
VisualStudioVersion = 15.0.27130.2036
MinimumVisualStudioVersion = 10.0.40219.1
Project("{FAE04EC0-301F-11D3-BF4B-00C04F79EFBC}") = "DQ", "DQ\DQ.csproj", "{4DCE8F09-F300-42A6-A650-8BFD1068504E}"
EndProject
Project("{FAE04EC0-301F-11D3-BF4B-00C04F79EFBC}") = "DQ.Core", "DQ.Core\DQ.Core.csproj", "{B2B9B58B-2487-4646-830C-E25CF1C118BD}"
EndProject
Project("{FAE04EC0-301F-11D3-BF4B-00C04F79EFBC}") = "DQ.Core.Tests", "DQ.Core.Tests\DQ.Core.Tests.csproj", "{CE7A1E43-482C-4966-8458-4D56BA1A66FC}"
EndProject
Global
	GlobalSection(SolutionConfigurationPlatforms) = preSolution
		Debug|Any CPU = Debug|Any CPU
		Release|Any CPU = Release|Any CPU
	EndGlobalSection
	GlobalSection(ProjectConfigurationPlatforms) = postSolution
		{4DCE8F09-F300-42A6-A650-8BFD1068504E}.Debug|Any CPU.ActiveCfg = Debug|Any CPU
		{4DCE8F09-F300-42A6-A650-8BFD1068504E}.Debug|Any CPU.Build.0 = Debug|Any CPU
		{4DCE8F09-F300-42A6-A650-8BFD1068504E}.Release|Any CPU.ActiveCfg = Release|Any CPU
		{4DCE8F09-F300-42A6-A650-8BFD1068504E}.Release|Any CPU.Build.0 = Release|Any CPU
		{B2B9B58B-2487-4646-830C-E25CF1C118BD}.Debug|Any CPU.ActiveCfg = Debug|Any CPU
		{B2B9B58B-2487-4646-830C-E25CF1C118BD}.Debug|Any CPU.Build.0 = Debug|Any CPU
		{B2B9B58B-2487-4646-830C-E25CF1C118BD}.Release|Any CPU.ActiveCfg = Release|Any CPU
		{B2B9B58B-2487-4646-830C-E25CF1C118BD}.Release|Any CPU.Build.0 = Release|Any CPU
		{CE7A1E43-482C-4966-8458-4D56BA1A66FC}.Debug|Any CPU.ActiveCfg = Debug|Any CPU
		{CE7A1E43-482C-4966-8458-4D56BA1A66FC}.Debug|Any CPU.Build.0 = Debug|Any CPU
		{CE7A1E43-482C-4966-8458-4D56BA1A66FC}.Release|Any CPU.ActiveCfg = Release|Any CPU
		{CE7A1E43-482C-4966-8458-4D56BA1A66FC}.Release|Any CPU.Build.0 = Release|Any CPU
	EndGlobalSection
	GlobalSection(SolutionProperties) = preSolution
		HideSolutionNode = FALSE
	EndGlobalSection
	GlobalSection(ExtensibilityGlobals) = postSolution
		SolutionGuid = {798C0E7D-C4CD-4611-A17C-691E959EBB14}
	EndGlobalSection
EndGlobal
